
Microsoft Visual Studio Solution File, Format Version 12.00
# Visual Studio Version 16
VisualStudioVersion = 16.0.30104.148
MinimumVisualStudioVersion = 10.0.40219.1
Project("{FAE04EC0-301F-11D3-BF4B-00C04F79EFBC}") = "Minista", "Minista\Minista.csproj", "{8E409A1C-75D5-4FAB-B389-5D8F22AE0032}"
EndProject
Project("{2150E333-8FDC-42A3-9474-1A3956D46DE8}") = "App", "App", "{5AD10298-17E1-4FF7-8BC4-406EB01E3191}"
EndProject
Project("{2150E333-8FDC-42A3-9474-1A3956D46DE8}") = "Libs", "Libs", "{523E390F-5F3D-427B-B313-DB99D2D8E05E}"
EndProject
Project("{8BC9CEB8-8B4A-11D0-8D11-00A0C91BC942}") = "FFmpegInterop", "Libs\FFmpegInterop\FFmpegInterop.vcxproj", "{9CFA3B3E-B7AF-4629-84E2-C962C5B046B1}"
EndProject
Project("{FAE04EC0-301F-11D3-BF4B-00C04F79EFBC}") = "MinistaBH", "Libs\MinistaBH\MinistaBH.csproj", "{269F6B10-9FF6-4D33-A1E6-FA01F16149BF}"
EndProject
Project("{FAE04EC0-301F-11D3-BF4B-00C04F79EFBC}") = "MinistaHelper", "Libs\MinistaHelper\MinistaHelper.csproj", "{DDE1B1F8-9A89-4255-97EA-36B9FAB20F7E}"
EndProject
Project("{9A19103F-16F7-4668-BE54-9A1E7A4F7556}") = "Thrift", "Libs\Thrift\Thrift.csproj", "{7F8CEFC7-31BA-4BE6-9F8F-FF2F687F9FAF}"
EndProject
Project("{FAE04EC0-301F-11D3-BF4B-00C04F79EFBC}") = "UICompositionAnimations", "Libs\UICompositionAnimations\UICompositionAnimations.csproj", "{D92746C3-045E-44F8-90CE-0451EDB2D40E}"
EndProject
Project("{FAE04EC0-301F-11D3-BF4B-00C04F79EFBC}") = "NotificationHandler", "Libs\NotificationHandler\NotificationHandler.csproj", "{12867326-B54E-45F1-AFA1-BE3FBE6D4679}"
EndProject
Project("{FAE04EC0-301F-11D3-BF4B-00C04F79EFBC}") = "MinistaEditorStudio", "Libs\MinistaEditorStudio\MinistaEditorStudio.csproj", "{1E1E859D-90D3-4701-8858-068CE7F97C62}"
EndProject
Project("{FAE04EC0-301F-11D3-BF4B-00C04F79EFBC}") = "MinistaControls", "Libs\MinistaControls\MinistaControls.csproj", "{2CF9A0E1-57A9-49AE-A85C-01B8FAD36E2F}"
EndProject
Project("{2150E333-8FDC-42A3-9474-1A3956D46DE8}") = "Test", "Test", "{B5778A9D-D072-4D98-A425-22FCE61076D3}"
EndProject
Project("{FAE04EC0-301F-11D3-BF4B-00C04F79EFBC}") = "EditorTest", "Test\EditorTest\EditorTest.csproj", "{064CC398-E232-4455-B8B2-B93A482172E0}"
EndProject
Project("{9A19103F-16F7-4668-BE54-9A1E7A4F7556}") = "InstagramApiSharp", "..\Minista\InstagramApiSharp\InstagramApiSharp.csproj", "{D7D254A4-843E-4E23-9513-AC89EB163168}"
EndProject
Project("{FAE04EC0-301F-11D3-BF4B-00C04F79EFBC}") = "Base", "Libs\Base\Base.csproj", "{C668BAE7-96D4-4384-895F-D36FEB0F80F8}"
EndProject
Global
	GlobalSection(SolutionConfigurationPlatforms) = preSolution
		Debug|Any CPU = Debug|Any CPU
		Debug|ARM = Debug|ARM
		Debug|ARM64 = Debug|ARM64
		Debug|x64 = Debug|x64
		Debug|x86 = Debug|x86
		Release|Any CPU = Release|Any CPU
		Release|ARM = Release|ARM
		Release|ARM64 = Release|ARM64
		Release|x64 = Release|x64
		Release|x86 = Release|x86
	EndGlobalSection
	GlobalSection(ProjectConfigurationPlatforms) = postSolution
		{8E409A1C-75D5-4FAB-B389-5D8F22AE0032}.Debug|Any CPU.ActiveCfg = Debug|x86
		{8E409A1C-75D5-4FAB-B389-5D8F22AE0032}.Debug|Any CPU.Build.0 = Debug|x86
		{8E409A1C-75D5-4FAB-B389-5D8F22AE0032}.Debug|Any CPU.Deploy.0 = Debug|x86
		{8E409A1C-75D5-4FAB-B389-5D8F22AE0032}.Debug|ARM.ActiveCfg = Debug|ARM
		{8E409A1C-75D5-4FAB-B389-5D8F22AE0032}.Debug|ARM.Build.0 = Debug|ARM
		{8E409A1C-75D5-4FAB-B389-5D8F22AE0032}.Debug|ARM.Deploy.0 = Debug|ARM
		{8E409A1C-75D5-4FAB-B389-5D8F22AE0032}.Debug|ARM64.ActiveCfg = Debug|ARM64
		{8E409A1C-75D5-4FAB-B389-5D8F22AE0032}.Debug|ARM64.Build.0 = Debug|ARM64
		{8E409A1C-75D5-4FAB-B389-5D8F22AE0032}.Debug|ARM64.Deploy.0 = Debug|ARM64
		{8E409A1C-75D5-4FAB-B389-5D8F22AE0032}.Debug|x64.ActiveCfg = Debug|x64
		{8E409A1C-75D5-4FAB-B389-5D8F22AE0032}.Debug|x64.Build.0 = Debug|x64
		{8E409A1C-75D5-4FAB-B389-5D8F22AE0032}.Debug|x64.Deploy.0 = Debug|x64
		{8E409A1C-75D5-4FAB-B389-5D8F22AE0032}.Debug|x86.ActiveCfg = Debug|x86
		{8E409A1C-75D5-4FAB-B389-5D8F22AE0032}.Debug|x86.Build.0 = Debug|x86
		{8E409A1C-75D5-4FAB-B389-5D8F22AE0032}.Debug|x86.Deploy.0 = Debug|x86
		{8E409A1C-75D5-4FAB-B389-5D8F22AE0032}.Release|Any CPU.ActiveCfg = Release|x86
		{8E409A1C-75D5-4FAB-B389-5D8F22AE0032}.Release|ARM.ActiveCfg = Release|ARM
		{8E409A1C-75D5-4FAB-B389-5D8F22AE0032}.Release|ARM.Build.0 = Release|ARM
		{8E409A1C-75D5-4FAB-B389-5D8F22AE0032}.Release|ARM.Deploy.0 = Release|ARM
		{8E409A1C-75D5-4FAB-B389-5D8F22AE0032}.Release|ARM64.ActiveCfg = Release|ARM64
		{8E409A1C-75D5-4FAB-B389-5D8F22AE0032}.Release|ARM64.Build.0 = Release|ARM64
		{8E409A1C-75D5-4FAB-B389-5D8F22AE0032}.Release|ARM64.Deploy.0 = Release|ARM64
		{8E409A1C-75D5-4FAB-B389-5D8F22AE0032}.Release|x64.ActiveCfg = Release|x64
		{8E409A1C-75D5-4FAB-B389-5D8F22AE0032}.Release|x64.Build.0 = Release|x64
		{8E409A1C-75D5-4FAB-B389-5D8F22AE0032}.Release|x64.Deploy.0 = Release|x64
		{8E409A1C-75D5-4FAB-B389-5D8F22AE0032}.Release|x86.ActiveCfg = Release|x86
		{8E409A1C-75D5-4FAB-B389-5D8F22AE0032}.Release|x86.Build.0 = Release|x86
		{8E409A1C-75D5-4FAB-B389-5D8F22AE0032}.Release|x86.Deploy.0 = Release|x86
		{9CFA3B3E-B7AF-4629-84E2-C962C5B046B1}.Debug|Any CPU.ActiveCfg = Debug|Win32
		{9CFA3B3E-B7AF-4629-84E2-C962C5B046B1}.Debug|ARM.ActiveCfg = Debug|ARM
		{9CFA3B3E-B7AF-4629-84E2-C962C5B046B1}.Debug|ARM.Build.0 = Debug|ARM
		{9CFA3B3E-B7AF-4629-84E2-C962C5B046B1}.Debug|ARM64.ActiveCfg = Debug|ARM64
		{9CFA3B3E-B7AF-4629-84E2-C962C5B046B1}.Debug|ARM64.Build.0 = Debug|ARM64
		{9CFA3B3E-B7AF-4629-84E2-C962C5B046B1}.Debug|x64.ActiveCfg = Debug|x64
		{9CFA3B3E-B7AF-4629-84E2-C962C5B046B1}.Debug|x64.Build.0 = Debug|x64
		{9CFA3B3E-B7AF-4629-84E2-C962C5B046B1}.Debug|x86.ActiveCfg = Debug|Win32
		{9CFA3B3E-B7AF-4629-84E2-C962C5B046B1}.Debug|x86.Build.0 = Debug|Win32
		{9CFA3B3E-B7AF-4629-84E2-C962C5B046B1}.Release|Any CPU.ActiveCfg = Release|Win32
		{9CFA3B3E-B7AF-4629-84E2-C962C5B046B1}.Release|ARM.ActiveCfg = Release|ARM
		{9CFA3B3E-B7AF-4629-84E2-C962C5B046B1}.Release|ARM.Build.0 = Release|ARM
		{9CFA3B3E-B7AF-4629-84E2-C962C5B046B1}.Release|ARM64.ActiveCfg = Release|ARM64
		{9CFA3B3E-B7AF-4629-84E2-C962C5B046B1}.Release|ARM64.Build.0 = Release|ARM64
		{9CFA3B3E-B7AF-4629-84E2-C962C5B046B1}.Release|x64.ActiveCfg = Release|x64
		{9CFA3B3E-B7AF-4629-84E2-C962C5B046B1}.Release|x64.Build.0 = Release|x64
		{9CFA3B3E-B7AF-4629-84E2-C962C5B046B1}.Release|x86.ActiveCfg = Release|Win32
		{9CFA3B3E-B7AF-4629-84E2-C962C5B046B1}.Release|x86.Build.0 = Release|Win32
		{269F6B10-9FF6-4D33-A1E6-FA01F16149BF}.Debug|Any CPU.ActiveCfg = Debug|Any CPU
		{269F6B10-9FF6-4D33-A1E6-FA01F16149BF}.Debug|Any CPU.Build.0 = Debug|Any CPU
		{269F6B10-9FF6-4D33-A1E6-FA01F16149BF}.Debug|ARM.ActiveCfg = Debug|ARM
		{269F6B10-9FF6-4D33-A1E6-FA01F16149BF}.Debug|ARM.Build.0 = Debug|ARM
		{269F6B10-9FF6-4D33-A1E6-FA01F16149BF}.Debug|ARM64.ActiveCfg = Debug|ARM64
		{269F6B10-9FF6-4D33-A1E6-FA01F16149BF}.Debug|ARM64.Build.0 = Debug|ARM64
		{269F6B10-9FF6-4D33-A1E6-FA01F16149BF}.Debug|x64.ActiveCfg = Debug|x64
		{269F6B10-9FF6-4D33-A1E6-FA01F16149BF}.Debug|x64.Build.0 = Debug|x64
		{269F6B10-9FF6-4D33-A1E6-FA01F16149BF}.Debug|x86.ActiveCfg = Debug|x86
		{269F6B10-9FF6-4D33-A1E6-FA01F16149BF}.Debug|x86.Build.0 = Debug|x86
		{269F6B10-9FF6-4D33-A1E6-FA01F16149BF}.Release|Any CPU.ActiveCfg = Release|Any CPU
		{269F6B10-9FF6-4D33-A1E6-FA01F16149BF}.Release|Any CPU.Build.0 = Release|Any CPU
		{269F6B10-9FF6-4D33-A1E6-FA01F16149BF}.Release|ARM.ActiveCfg = Release|ARM
		{269F6B10-9FF6-4D33-A1E6-FA01F16149BF}.Release|ARM.Build.0 = Release|ARM
		{269F6B10-9FF6-4D33-A1E6-FA01F16149BF}.Release|ARM64.ActiveCfg = Release|ARM64
		{269F6B10-9FF6-4D33-A1E6-FA01F16149BF}.Release|ARM64.Build.0 = Release|ARM64
		{269F6B10-9FF6-4D33-A1E6-FA01F16149BF}.Release|x64.ActiveCfg = Release|x64
		{269F6B10-9FF6-4D33-A1E6-FA01F16149BF}.Release|x64.Build.0 = Release|x64
		{269F6B10-9FF6-4D33-A1E6-FA01F16149BF}.Release|x86.ActiveCfg = Release|x86
		{269F6B10-9FF6-4D33-A1E6-FA01F16149BF}.Release|x86.Build.0 = Release|x86
		{DDE1B1F8-9A89-4255-97EA-36B9FAB20F7E}.Debug|Any CPU.ActiveCfg = Debug|Any CPU
		{DDE1B1F8-9A89-4255-97EA-36B9FAB20F7E}.Debug|Any CPU.Build.0 = Debug|Any CPU
		{DDE1B1F8-9A89-4255-97EA-36B9FAB20F7E}.Debug|ARM.ActiveCfg = Debug|ARM
		{DDE1B1F8-9A89-4255-97EA-36B9FAB20F7E}.Debug|ARM.Build.0 = Debug|ARM
		{DDE1B1F8-9A89-4255-97EA-36B9FAB20F7E}.Debug|ARM64.ActiveCfg = Debug|ARM64
		{DDE1B1F8-9A89-4255-97EA-36B9FAB20F7E}.Debug|ARM64.Build.0 = Debug|ARM64
		{DDE1B1F8-9A89-4255-97EA-36B9FAB20F7E}.Debug|x64.ActiveCfg = Debug|x64
		{DDE1B1F8-9A89-4255-97EA-36B9FAB20F7E}.Debug|x64.Build.0 = Debug|x64
		{DDE1B1F8-9A89-4255-97EA-36B9FAB20F7E}.Debug|x86.ActiveCfg = Debug|x86
		{DDE1B1F8-9A89-4255-97EA-36B9FAB20F7E}.Debug|x86.Build.0 = Debug|x86
		{DDE1B1F8-9A89-4255-97EA-36B9FAB20F7E}.Release|Any CPU.ActiveCfg = Release|Any CPU
		{DDE1B1F8-9A89-4255-97EA-36B9FAB20F7E}.Release|Any CPU.Build.0 = Release|Any CPU
		{DDE1B1F8-9A89-4255-97EA-36B9FAB20F7E}.Release|ARM.ActiveCfg = Release|ARM
		{DDE1B1F8-9A89-4255-97EA-36B9FAB20F7E}.Release|ARM.Build.0 = Release|ARM
		{DDE1B1F8-9A89-4255-97EA-36B9FAB20F7E}.Release|ARM64.ActiveCfg = Release|ARM64
		{DDE1B1F8-9A89-4255-97EA-36B9FAB20F7E}.Release|ARM64.Build.0 = Release|ARM64
		{DDE1B1F8-9A89-4255-97EA-36B9FAB20F7E}.Release|x64.ActiveCfg = Release|x64
		{DDE1B1F8-9A89-4255-97EA-36B9FAB20F7E}.Release|x64.Build.0 = Release|x64
		{DDE1B1F8-9A89-4255-97EA-36B9FAB20F7E}.Release|x86.ActiveCfg = Release|x86
		{DDE1B1F8-9A89-4255-97EA-36B9FAB20F7E}.Release|x86.Build.0 = Release|x86
		{7F8CEFC7-31BA-4BE6-9F8F-FF2F687F9FAF}.Debug|Any CPU.ActiveCfg = Debug|Any CPU
		{7F8CEFC7-31BA-4BE6-9F8F-FF2F687F9FAF}.Debug|Any CPU.Build.0 = Debug|Any CPU
		{7F8CEFC7-31BA-4BE6-9F8F-FF2F687F9FAF}.Debug|ARM.ActiveCfg = Debug|Any CPU
		{7F8CEFC7-31BA-4BE6-9F8F-FF2F687F9FAF}.Debug|ARM.Build.0 = Debug|Any CPU
		{7F8CEFC7-31BA-4BE6-9F8F-FF2F687F9FAF}.Debug|ARM64.ActiveCfg = Debug|Any CPU
		{7F8CEFC7-31BA-4BE6-9F8F-FF2F687F9FAF}.Debug|ARM64.Build.0 = Debug|Any CPU
		{7F8CEFC7-31BA-4BE6-9F8F-FF2F687F9FAF}.Debug|x64.ActiveCfg = Debug|Any CPU
		{7F8CEFC7-31BA-4BE6-9F8F-FF2F687F9FAF}.Debug|x64.Build.0 = Debug|Any CPU
		{7F8CEFC7-31BA-4BE6-9F8F-FF2F687F9FAF}.Debug|x86.ActiveCfg = Debug|Any CPU
		{7F8CEFC7-31BA-4BE6-9F8F-FF2F687F9FAF}.Debug|x86.Build.0 = Debug|Any CPU
		{7F8CEFC7-31BA-4BE6-9F8F-FF2F687F9FAF}.Release|Any CPU.ActiveCfg = Release|Any CPU
		{7F8CEFC7-31BA-4BE6-9F8F-FF2F687F9FAF}.Release|Any CPU.Build.0 = Release|Any CPU
		{7F8CEFC7-31BA-4BE6-9F8F-FF2F687F9FAF}.Release|ARM.ActiveCfg = Release|Any CPU
		{7F8CEFC7-31BA-4BE6-9F8F-FF2F687F9FAF}.Release|ARM.Build.0 = Release|Any CPU
		{7F8CEFC7-31BA-4BE6-9F8F-FF2F687F9FAF}.Release|ARM64.ActiveCfg = Release|Any CPU
		{7F8CEFC7-31BA-4BE6-9F8F-FF2F687F9FAF}.Release|ARM64.Build.0 = Release|Any CPU
		{7F8CEFC7-31BA-4BE6-9F8F-FF2F687F9FAF}.Release|x64.ActiveCfg = Release|Any CPU
		{7F8CEFC7-31BA-4BE6-9F8F-FF2F687F9FAF}.Release|x64.Build.0 = Release|Any CPU
		{7F8CEFC7-31BA-4BE6-9F8F-FF2F687F9FAF}.Release|x86.ActiveCfg = Release|Any CPU
		{7F8CEFC7-31BA-4BE6-9F8F-FF2F687F9FAF}.Release|x86.Build.0 = Release|Any CPU
		{D92746C3-045E-44F8-90CE-0451EDB2D40E}.Debug|Any CPU.ActiveCfg = Debug|Any CPU
		{D92746C3-045E-44F8-90CE-0451EDB2D40E}.Debug|Any CPU.Build.0 = Debug|Any CPU
		{D92746C3-045E-44F8-90CE-0451EDB2D40E}.Debug|ARM.ActiveCfg = Debug|ARM
		{D92746C3-045E-44F8-90CE-0451EDB2D40E}.Debug|ARM.Build.0 = Debug|ARM
		{D92746C3-045E-44F8-90CE-0451EDB2D40E}.Debug|ARM64.ActiveCfg = Debug|Any CPU
		{D92746C3-045E-44F8-90CE-0451EDB2D40E}.Debug|ARM64.Build.0 = Debug|Any CPU
		{D92746C3-045E-44F8-90CE-0451EDB2D40E}.Debug|x64.ActiveCfg = Debug|x64
		{D92746C3-045E-44F8-90CE-0451EDB2D40E}.Debug|x64.Build.0 = Debug|x64
		{D92746C3-045E-44F8-90CE-0451EDB2D40E}.Debug|x86.ActiveCfg = Debug|x86
		{D92746C3-045E-44F8-90CE-0451EDB2D40E}.Debug|x86.Build.0 = Debug|x86
		{D92746C3-045E-44F8-90CE-0451EDB2D40E}.Release|Any CPU.ActiveCfg = Release|Any CPU
		{D92746C3-045E-44F8-90CE-0451EDB2D40E}.Release|Any CPU.Build.0 = Release|Any CPU
		{D92746C3-045E-44F8-90CE-0451EDB2D40E}.Release|ARM.ActiveCfg = Release|ARM
		{D92746C3-045E-44F8-90CE-0451EDB2D40E}.Release|ARM.Build.0 = Release|ARM
		{D92746C3-045E-44F8-90CE-0451EDB2D40E}.Release|ARM64.ActiveCfg = Release|Any CPU
		{D92746C3-045E-44F8-90CE-0451EDB2D40E}.Release|ARM64.Build.0 = Release|Any CPU
		{D92746C3-045E-44F8-90CE-0451EDB2D40E}.Release|x64.ActiveCfg = Release|x64
		{D92746C3-045E-44F8-90CE-0451EDB2D40E}.Release|x64.Build.0 = Release|x64
		{D92746C3-045E-44F8-90CE-0451EDB2D40E}.Release|x86.ActiveCfg = Release|x86
		{D92746C3-045E-44F8-90CE-0451EDB2D40E}.Release|x86.Build.0 = Release|x86
		{12867326-B54E-45F1-AFA1-BE3FBE6D4679}.Debug|Any CPU.ActiveCfg = Debug|Any CPU
		{12867326-B54E-45F1-AFA1-BE3FBE6D4679}.Debug|Any CPU.Build.0 = Debug|Any CPU
		{12867326-B54E-45F1-AFA1-BE3FBE6D4679}.Debug|ARM.ActiveCfg = Debug|ARM
		{12867326-B54E-45F1-AFA1-BE3FBE6D4679}.Debug|ARM.Build.0 = Debug|ARM
		{12867326-B54E-45F1-AFA1-BE3FBE6D4679}.Debug|ARM64.ActiveCfg = Debug|ARM64
		{12867326-B54E-45F1-AFA1-BE3FBE6D4679}.Debug|ARM64.Build.0 = Debug|ARM64
		{12867326-B54E-45F1-AFA1-BE3FBE6D4679}.Debug|x64.ActiveCfg = Debug|x64
		{12867326-B54E-45F1-AFA1-BE3FBE6D4679}.Debug|x64.Build.0 = Debug|x64
		{12867326-B54E-45F1-AFA1-BE3FBE6D4679}.Debug|x86.ActiveCfg = Debug|x86
		{12867326-B54E-45F1-AFA1-BE3FBE6D4679}.Debug|x86.Build.0 = Debug|x86
		{12867326-B54E-45F1-AFA1-BE3FBE6D4679}.Release|Any CPU.ActiveCfg = Release|Any CPU
		{12867326-B54E-45F1-AFA1-BE3FBE6D4679}.Release|Any CPU.Build.0 = Release|Any CPU
		{12867326-B54E-45F1-AFA1-BE3FBE6D4679}.Release|ARM.ActiveCfg = Release|ARM
		{12867326-B54E-45F1-AFA1-BE3FBE6D4679}.Release|ARM.Build.0 = Release|ARM
		{12867326-B54E-45F1-AFA1-BE3FBE6D4679}.Release|ARM64.ActiveCfg = Release|ARM64
		{12867326-B54E-45F1-AFA1-BE3FBE6D4679}.Release|ARM64.Build.0 = Release|ARM64
		{12867326-B54E-45F1-AFA1-BE3FBE6D4679}.Release|x64.ActiveCfg = Release|x64
		{12867326-B54E-45F1-AFA1-BE3FBE6D4679}.Release|x64.Build.0 = Release|x64
		{12867326-B54E-45F1-AFA1-BE3FBE6D4679}.Release|x86.ActiveCfg = Release|x86
		{12867326-B54E-45F1-AFA1-BE3FBE6D4679}.Release|x86.Build.0 = Release|x86
		{1E1E859D-90D3-4701-8858-068CE7F97C62}.Debug|Any CPU.ActiveCfg = Debug|Any CPU
		{1E1E859D-90D3-4701-8858-068CE7F97C62}.Debug|Any CPU.Build.0 = Debug|Any CPU
		{1E1E859D-90D3-4701-8858-068CE7F97C62}.Debug|ARM.ActiveCfg = Debug|ARM
		{1E1E859D-90D3-4701-8858-068CE7F97C62}.Debug|ARM.Build.0 = Debug|ARM
		{1E1E859D-90D3-4701-8858-068CE7F97C62}.Debug|ARM64.ActiveCfg = Debug|ARM64
		{1E1E859D-90D3-4701-8858-068CE7F97C62}.Debug|ARM64.Build.0 = Debug|ARM64
		{1E1E859D-90D3-4701-8858-068CE7F97C62}.Debug|x64.ActiveCfg = Debug|x64
		{1E1E859D-90D3-4701-8858-068CE7F97C62}.Debug|x64.Build.0 = Debug|x64
		{1E1E859D-90D3-4701-8858-068CE7F97C62}.Debug|x86.ActiveCfg = Debug|x86
		{1E1E859D-90D3-4701-8858-068CE7F97C62}.Debug|x86.Build.0 = Debug|x86
		{1E1E859D-90D3-4701-8858-068CE7F97C62}.Release|Any CPU.ActiveCfg = Release|Any CPU
		{1E1E859D-90D3-4701-8858-068CE7F97C62}.Release|Any CPU.Build.0 = Release|Any CPU
		{1E1E859D-90D3-4701-8858-068CE7F97C62}.Release|ARM.ActiveCfg = Release|ARM
		{1E1E859D-90D3-4701-8858-068CE7F97C62}.Release|ARM.Build.0 = Release|ARM
		{1E1E859D-90D3-4701-8858-068CE7F97C62}.Release|ARM64.ActiveCfg = Release|ARM64
		{1E1E859D-90D3-4701-8858-068CE7F97C62}.Release|ARM64.Build.0 = Release|ARM64
		{1E1E859D-90D3-4701-8858-068CE7F97C62}.Release|x64.ActiveCfg = Release|x64
		{1E1E859D-90D3-4701-8858-068CE7F97C62}.Release|x64.Build.0 = Release|x64
		{1E1E859D-90D3-4701-8858-068CE7F97C62}.Release|x86.ActiveCfg = Release|x86
		{1E1E859D-90D3-4701-8858-068CE7F97C62}.Release|x86.Build.0 = Release|x86
		{2CF9A0E1-57A9-49AE-A85C-01B8FAD36E2F}.Debug|Any CPU.ActiveCfg = Debug|Any CPU
		{2CF9A0E1-57A9-49AE-A85C-01B8FAD36E2F}.Debug|Any CPU.Build.0 = Debug|Any CPU
		{2CF9A0E1-57A9-49AE-A85C-01B8FAD36E2F}.Debug|ARM.ActiveCfg = Debug|ARM
		{2CF9A0E1-57A9-49AE-A85C-01B8FAD36E2F}.Debug|ARM.Build.0 = Debug|ARM
		{2CF9A0E1-57A9-49AE-A85C-01B8FAD36E2F}.Debug|ARM64.ActiveCfg = Debug|ARM64
		{2CF9A0E1-57A9-49AE-A85C-01B8FAD36E2F}.Debug|ARM64.Build.0 = Debug|ARM64
		{2CF9A0E1-57A9-49AE-A85C-01B8FAD36E2F}.Debug|x64.ActiveCfg = Debug|x64
		{2CF9A0E1-57A9-49AE-A85C-01B8FAD36E2F}.Debug|x64.Build.0 = Debug|x64
		{2CF9A0E1-57A9-49AE-A85C-01B8FAD36E2F}.Debug|x86.ActiveCfg = Debug|x86
		{2CF9A0E1-57A9-49AE-A85C-01B8FAD36E2F}.Debug|x86.Build.0 = Debug|x86
		{2CF9A0E1-57A9-49AE-A85C-01B8FAD36E2F}.Release|Any CPU.ActiveCfg = Release|Any CPU
		{2CF9A0E1-57A9-49AE-A85C-01B8FAD36E2F}.Release|Any CPU.Build.0 = Release|Any CPU
		{2CF9A0E1-57A9-49AE-A85C-01B8FAD36E2F}.Release|ARM.ActiveCfg = Release|ARM
		{2CF9A0E1-57A9-49AE-A85C-01B8FAD36E2F}.Release|ARM.Build.0 = Release|ARM
		{2CF9A0E1-57A9-49AE-A85C-01B8FAD36E2F}.Release|ARM64.ActiveCfg = Release|ARM64
		{2CF9A0E1-57A9-49AE-A85C-01B8FAD36E2F}.Release|ARM64.Build.0 = Release|ARM64
		{2CF9A0E1-57A9-49AE-A85C-01B8FAD36E2F}.Release|x64.ActiveCfg = Release|x64
		{2CF9A0E1-57A9-49AE-A85C-01B8FAD36E2F}.Release|x64.Build.0 = Release|x64
		{2CF9A0E1-57A9-49AE-A85C-01B8FAD36E2F}.Release|x86.ActiveCfg = Release|x86
		{2CF9A0E1-57A9-49AE-A85C-01B8FAD36E2F}.Release|x86.Build.0 = Release|x86
		{064CC398-E232-4455-B8B2-B93A482172E0}.Debug|Any CPU.ActiveCfg = Debug|x86
		{064CC398-E232-4455-B8B2-B93A482172E0}.Debug|ARM.ActiveCfg = Debug|ARM
		{064CC398-E232-4455-B8B2-B93A482172E0}.Debug|ARM.Build.0 = Debug|ARM
		{064CC398-E232-4455-B8B2-B93A482172E0}.Debug|ARM.Deploy.0 = Debug|ARM
		{064CC398-E232-4455-B8B2-B93A482172E0}.Debug|ARM64.ActiveCfg = Debug|ARM64
		{064CC398-E232-4455-B8B2-B93A482172E0}.Debug|ARM64.Build.0 = Debug|ARM64
		{064CC398-E232-4455-B8B2-B93A482172E0}.Debug|ARM64.Deploy.0 = Debug|ARM64
		{064CC398-E232-4455-B8B2-B93A482172E0}.Debug|x64.ActiveCfg = Debug|x64
		{064CC398-E232-4455-B8B2-B93A482172E0}.Debug|x64.Build.0 = Debug|x64
		{064CC398-E232-4455-B8B2-B93A482172E0}.Debug|x64.Deploy.0 = Debug|x64
		{064CC398-E232-4455-B8B2-B93A482172E0}.Debug|x86.ActiveCfg = Debug|x86
		{064CC398-E232-4455-B8B2-B93A482172E0}.Debug|x86.Build.0 = Debug|x86
		{064CC398-E232-4455-B8B2-B93A482172E0}.Debug|x86.Deploy.0 = Debug|x86
		{064CC398-E232-4455-B8B2-B93A482172E0}.Release|Any CPU.ActiveCfg = Release|x86
		{064CC398-E232-4455-B8B2-B93A482172E0}.Release|ARM.ActiveCfg = Release|ARM
		{064CC398-E232-4455-B8B2-B93A482172E0}.Release|ARM.Build.0 = Release|ARM
		{064CC398-E232-4455-B8B2-B93A482172E0}.Release|ARM.Deploy.0 = Release|ARM
		{064CC398-E232-4455-B8B2-B93A482172E0}.Release|ARM64.ActiveCfg = Release|ARM64
		{064CC398-E232-4455-B8B2-B93A482172E0}.Release|ARM64.Build.0 = Release|ARM64
		{064CC398-E232-4455-B8B2-B93A482172E0}.Release|ARM64.Deploy.0 = Release|ARM64
		{064CC398-E232-4455-B8B2-B93A482172E0}.Release|x64.ActiveCfg = Release|x64
		{064CC398-E232-4455-B8B2-B93A482172E0}.Release|x64.Build.0 = Release|x64
		{064CC398-E232-4455-B8B2-B93A482172E0}.Release|x64.Deploy.0 = Release|x64
		{064CC398-E232-4455-B8B2-B93A482172E0}.Release|x86.ActiveCfg = Release|x86
		{064CC398-E232-4455-B8B2-B93A482172E0}.Release|x86.Build.0 = Release|x86
		{064CC398-E232-4455-B8B2-B93A482172E0}.Release|x86.Deploy.0 = Release|x86
		{D7D254A4-843E-4E23-9513-AC89EB163168}.Debug|Any CPU.ActiveCfg = Debug|Any CPU
		{D7D254A4-843E-4E23-9513-AC89EB163168}.Debug|Any CPU.Build.0 = Debug|Any CPU
		{D7D254A4-843E-4E23-9513-AC89EB163168}.Debug|ARM.ActiveCfg = Debug|Any CPU
		{D7D254A4-843E-4E23-9513-AC89EB163168}.Debug|ARM.Build.0 = Debug|Any CPU
		{D7D254A4-843E-4E23-9513-AC89EB163168}.Debug|ARM64.ActiveCfg = Debug|Any CPU
		{D7D254A4-843E-4E23-9513-AC89EB163168}.Debug|ARM64.Build.0 = Debug|Any CPU
		{D7D254A4-843E-4E23-9513-AC89EB163168}.Debug|x64.ActiveCfg = Debug|Any CPU
		{D7D254A4-843E-4E23-9513-AC89EB163168}.Debug|x64.Build.0 = Debug|Any CPU
		{D7D254A4-843E-4E23-9513-AC89EB163168}.Debug|x86.ActiveCfg = Debug|Any CPU
		{D7D254A4-843E-4E23-9513-AC89EB163168}.Debug|x86.Build.0 = Debug|Any CPU
		{D7D254A4-843E-4E23-9513-AC89EB163168}.Release|Any CPU.ActiveCfg = Release|Any CPU
		{D7D254A4-843E-4E23-9513-AC89EB163168}.Release|Any CPU.Build.0 = Release|Any CPU
		{D7D254A4-843E-4E23-9513-AC89EB163168}.Release|ARM.ActiveCfg = Release|Any CPU
		{D7D254A4-843E-4E23-9513-AC89EB163168}.Release|ARM.Build.0 = Release|Any CPU
		{D7D254A4-843E-4E23-9513-AC89EB163168}.Release|ARM64.ActiveCfg = Release|Any CPU
		{D7D254A4-843E-4E23-9513-AC89EB163168}.Release|ARM64.Build.0 = Release|Any CPU
		{D7D254A4-843E-4E23-9513-AC89EB163168}.Release|x64.ActiveCfg = Release|Any CPU
		{D7D254A4-843E-4E23-9513-AC89EB163168}.Release|x64.Build.0 = Release|Any CPU
		{D7D254A4-843E-4E23-9513-AC89EB163168}.Release|x86.ActiveCfg = Release|Any CPU
		{D7D254A4-843E-4E23-9513-AC89EB163168}.Release|x86.Build.0 = Release|Any CPU
		{C668BAE7-96D4-4384-895F-D36FEB0F80F8}.Debug|Any CPU.ActiveCfg = Debug|Any CPU
		{C668BAE7-96D4-4384-895F-D36FEB0F80F8}.Debug|Any CPU.Build.0 = Debug|Any CPU
		{C668BAE7-96D4-4384-895F-D36FEB0F80F8}.Debug|ARM.ActiveCfg = Debug|ARM
		{C668BAE7-96D4-4384-895F-D36FEB0F80F8}.Debug|ARM.Build.0 = Debug|ARM
		{C668BAE7-96D4-4384-895F-D36FEB0F80F8}.Debug|ARM64.ActiveCfg = Debug|ARM64
		{C668BAE7-96D4-4384-895F-D36FEB0F80F8}.Debug|ARM64.Build.0 = Debug|ARM64
		{C668BAE7-96D4-4384-895F-D36FEB0F80F8}.Debug|x64.ActiveCfg = Debug|x64
		{C668BAE7-96D4-4384-895F-D36FEB0F80F8}.Debug|x64.Build.0 = Debug|x64
		{C668BAE7-96D4-4384-895F-D36FEB0F80F8}.Debug|x86.ActiveCfg = Debug|x86
		{C668BAE7-96D4-4384-895F-D36FEB0F80F8}.Debug|x86.Build.0 = Debug|x86
		{C668BAE7-96D4-4384-895F-D36FEB0F80F8}.Release|Any CPU.ActiveCfg = Release|Any CPU
		{C668BAE7-96D4-4384-895F-D36FEB0F80F8}.Release|Any CPU.Build.0 = Release|Any CPU
		{C668BAE7-96D4-4384-895F-D36FEB0F80F8}.Release|ARM.ActiveCfg = Release|ARM
		{C668BAE7-96D4-4384-895F-D36FEB0F80F8}.Release|ARM.Build.0 = Release|ARM
		{C668BAE7-96D4-4384-895F-D36FEB0F80F8}.Release|ARM64.ActiveCfg = Release|ARM64
		{C668BAE7-96D4-4384-895F-D36FEB0F80F8}.Release|ARM64.Build.0 = Release|ARM64
		{C668BAE7-96D4-4384-895F-D36FEB0F80F8}.Release|x64.ActiveCfg = Release|x64
		{C668BAE7-96D4-4384-895F-D36FEB0F80F8}.Release|x64.Build.0 = Release|x64
		{C668BAE7-96D4-4384-895F-D36FEB0F80F8}.Release|x86.ActiveCfg = Release|x86
		{C668BAE7-96D4-4384-895F-D36FEB0F80F8}.Release|x86.Build.0 = Release|x86
	EndGlobalSection
	GlobalSection(SolutionProperties) = preSolution
		HideSolutionNode = FALSE
	EndGlobalSection
	GlobalSection(NestedProjects) = preSolution
		{8E409A1C-75D5-4FAB-B389-5D8F22AE0032} = {5AD10298-17E1-4FF7-8BC4-406EB01E3191}
		{9CFA3B3E-B7AF-4629-84E2-C962C5B046B1} = {523E390F-5F3D-427B-B313-DB99D2D8E05E}
		{269F6B10-9FF6-4D33-A1E6-FA01F16149BF} = {523E390F-5F3D-427B-B313-DB99D2D8E05E}
		{DDE1B1F8-9A89-4255-97EA-36B9FAB20F7E} = {523E390F-5F3D-427B-B313-DB99D2D8E05E}
		{7F8CEFC7-31BA-4BE6-9F8F-FF2F687F9FAF} = {523E390F-5F3D-427B-B313-DB99D2D8E05E}
		{D92746C3-045E-44F8-90CE-0451EDB2D40E} = {523E390F-5F3D-427B-B313-DB99D2D8E05E}
		{12867326-B54E-45F1-AFA1-BE3FBE6D4679} = {523E390F-5F3D-427B-B313-DB99D2D8E05E}
		{1E1E859D-90D3-4701-8858-068CE7F97C62} = {523E390F-5F3D-427B-B313-DB99D2D8E05E}
		{2CF9A0E1-57A9-49AE-A85C-01B8FAD36E2F} = {523E390F-5F3D-427B-B313-DB99D2D8E05E}
		{064CC398-E232-4455-B8B2-B93A482172E0} = {B5778A9D-D072-4D98-A425-22FCE61076D3}
		{D7D254A4-843E-4E23-9513-AC89EB163168} = {523E390F-5F3D-427B-B313-DB99D2D8E05E}
		{C668BAE7-96D4-4384-895F-D36FEB0F80F8} = {523E390F-5F3D-427B-B313-DB99D2D8E05E}
	EndGlobalSection
	GlobalSection(ExtensibilityGlobals) = postSolution
		SolutionGuid = {0E1C948D-B164-4F06-AB1C-9B0B9076C100}
	EndGlobalSection
EndGlobal
